// !$*UTF8*$!
{
	archiveVersion = 1;
	classes = {
	};
	objectVersion = 55;
	objects = {

/* Begin PBXBuildFile section */
		CED2AE762859F1BA00DCF244 /* AppDelegate.swift in Sources */ = {isa = PBXBuildFile; fileRef = CED2AE752859F1BA00DCF244 /* AppDelegate.swift */; };
		CED2AE782859F1BA00DCF244 /* SceneDelegate.swift in Sources */ = {isa = PBXBuildFile; fileRef = CED2AE772859F1BA00DCF244 /* SceneDelegate.swift */; };
		CED2AE7A2859F1BA00DCF244 /* ViewController.swift in Sources */ = {isa = PBXBuildFile; fileRef = CED2AE792859F1BA00DCF244 /* ViewController.swift */; };
		CED2AE7D2859F1BA00DCF244 /* Main.storyboard in Resources */ = {isa = PBXBuildFile; fileRef = CED2AE7B2859F1BA00DCF244 /* Main.storyboard */; };
		CED2AE7F2859F1BE00DCF244 /* Assets.xcassets in Resources */ = {isa = PBXBuildFile; fileRef = CED2AE7E2859F1BE00DCF244 /* Assets.xcassets */; };
		CED2AE822859F1BE00DCF244 /* LaunchScreen.storyboard in Resources */ = {isa = PBXBuildFile; fileRef = CED2AE802859F1BE00DCF244 /* LaunchScreen.storyboard */; };
		CED2AE8B285A087500DCF244 /* cowSound.mp3 in Resources */ = {isa = PBXBuildFile; fileRef = CED2AE8A285A087500DCF244 /* cowSound.mp3 */; };
		CED2AE8D285A0A6400DCF244 /* pigSound.mp3 in Resources */ = {isa = PBXBuildFile; fileRef = CED2AE8C285A0A6400DCF244 /* pigSound.mp3 */; };
		CED2AE8F285A0AE600DCF244 /* monkeySound.mp3 in Resources */ = {isa = PBXBuildFile; fileRef = CED2AE8E285A0AE500DCF244 /* monkeySound.mp3 */; };
		CED2AE91285A0B2000DCF244 /* dogSound.mp3 in Resources */ = {isa = PBXBuildFile; fileRef = CED2AE90285A0B2000DCF244 /* dogSound.mp3 */; };
/* End PBXBuildFile section */

/* Begin PBXFileReference section */
		CED2AE722859F1BA00DCF244 /* PlayAnimalsSound.app */ = {isa = PBXFileReference; explicitFileType = wrapper.application; includeInIndex = 0; path = PlayAnimalsSound.app; sourceTree = BUILT_PRODUCTS_DIR; };
		CED2AE752859F1BA00DCF244 /* AppDelegate.swift */ = {isa = PBXFileReference; lastKnownFileType = sourcecode.swift; path = AppDelegate.swift; sourceTree = "<group>"; };
		CED2AE772859F1BA00DCF244 /* SceneDelegate.swift */ = {isa = PBXFileReference; lastKnownFileType = sourcecode.swift; path = SceneDelegate.swift; sourceTree = "<group>"; };
		CED2AE792859F1BA00DCF244 /* ViewController.swift */ = {isa = PBXFileReference; lastKnownFileType = sourcecode.swift; path = ViewController.swift; sourceTree = "<group>"; };
		CED2AE7C2859F1BA00DCF244 /* Base */ = {isa = PBXFileReference; lastKnownFileType = file.storyboard; name = Base; path = Base.lproj/Main.storyboard; sourceTree = "<group>"; };
		CED2AE7E2859F1BE00DCF244 /* Assets.xcassets */ = {isa = PBXFileReference; lastKnownFileType = folder.assetcatalog; path = Assets.xcassets; sourceTree = "<group>"; };
		CED2AE812859F1BE00DCF244 /* Base */ = {isa = PBXFileReference; lastKnownFileType = file.storyboard; name = Base; path = Base.lproj/LaunchScreen.storyboard; sourceTree = "<group>"; };
		CED2AE832859F1BE00DCF244 /* Info.plist */ = {isa = PBXFileReference; lastKnownFileType = text.plist.xml; path = Info.plist; sourceTree = "<group>"; };
		CED2AE8A285A087500DCF244 /* cowSound.mp3 */ = {isa = PBXFileReference; lastKnownFileType = audio.mp3; path = cowSound.mp3; sourceTree = "<group>"; };
		CED2AE8C285A0A6400DCF244 /* pigSound.mp3 */ = {isa = PBXFileReference; lastKnownFileType = audio.mp3; path = pigSound.mp3; sourceTree = SOURCE_ROOT; };
		CED2AE8E285A0AE500DCF244 /* monkeySound.mp3 */ = {isa = PBXFileReference; lastKnownFileType = audio.mp3; path = monkeySound.mp3; sourceTree = SOURCE_ROOT; };
		CED2AE90285A0B2000DCF244 /* dogSound.mp3 */ = {isa = PBXFileReference; lastKnownFileType = audio.mp3; path = dogSound.mp3; sourceTree = SOURCE_ROOT; };
/* End PBXFileReference section */

/* Begin PBXFrameworksBuildPhase section */
		CED2AE6F2859F1BA00DCF244 /* Frameworks */ = {
			isa = PBXFrameworksBuildPhase;
			buildActionMask = 2147483647;
			files = (
			);
			runOnlyForDeploymentPostprocessing = 0;
		};
/* End PBXFrameworksBuildPhase section */

/* Begin PBXGroup section */
		CED2AE692859F1BA00DCF244 = {
			isa = PBXGroup;
			children = (
				CED2AE742859F1BA00DCF244 /* PlayAnimalsSound */,
				CED2AE732859F1BA00DCF244 /* Products */,
			);
			sourceTree = "<group>";
		};
		CED2AE732859F1BA00DCF244 /* Products */ = {
			isa = PBXGroup;
			children = (
				CED2AE722859F1BA00DCF244 /* PlayAnimalsSound.app */,
			);
			name = Products;
			sourceTree = "<group>";
		};
		CED2AE742859F1BA00DCF244 /* PlayAnimalsSound */ = {
			isa = PBXGroup;
			children = (
				CED2AE89285A085E00DCF244 /* mp3 */,
				CED2AE752859F1BA00DCF244 /* AppDelegate.swift */,
				CED2AE772859F1BA00DCF244 /* SceneDelegate.swift */,
				CED2AE792859F1BA00DCF244 /* ViewController.swift */,
				CED2AE7B2859F1BA00DCF244 /* Main.storyboard */,
				CED2AE7E2859F1BE00DCF244 /* Assets.xcassets */,
				CED2AE802859F1BE00DCF244 /* LaunchScreen.storyboard */,
				CED2AE832859F1BE00DCF244 /* Info.plist */,
			);
			path = PlayAnimalsSound;
			sourceTree = "<group>";
		};
		CED2AE89285A085E00DCF244 /* mp3 */ = {
			isa = PBXGroup;
			children = (
				CED2AE8E285A0AE500DCF244 /* monkeySound.mp3 */,
				CED2AE90285A0B2000DCF244 /* dogSound.mp3 */,
				CED2AE8C285A0A6400DCF244 /* pigSound.mp3 */,
				CED2AE8A285A087500DCF244 /* cowSound.mp3 */,
			);
			path = mp3;
			sourceTree = "<group>";
		};
/* End PBXGroup section */

/* Begin PBXNativeTarget section */
		CED2AE712859F1BA00DCF244 /* PlayAnimalsSound */ = {
			isa = PBXNativeTarget;
			buildConfigurationList = CED2AE862859F1BE00DCF244 /* Build configuration list for PBXNativeTarget "PlayAnimalsSound" */;
			buildPhases = (
				CED2AE6E2859F1BA00DCF244 /* Sources */,
				CED2AE6F2859F1BA00DCF244 /* Frameworks */,
				CED2AE702859F1BA00DCF244 /* Resources */,
			);
			buildRules = (
			);
			dependencies = (
			);
			name = PlayAnimalsSound;
			productName = PlayAnimalsSound;
			productReference = CED2AE722859F1BA00DCF244 /* PlayAnimalsSound.app */;
			productType = "com.apple.product-type.application";
		};
/* End PBXNativeTarget section */

/* Begin PBXProject section */
		CED2AE6A2859F1BA00DCF244 /* Project object */ = {
			isa = PBXProject;
			attributes = {
				BuildIndependentTargetsInParallel = 1;
				LastSwiftUpdateCheck = 1340;
				LastUpgradeCheck = 1340;
				TargetAttributes = {
					CED2AE712859F1BA00DCF244 = {
						CreatedOnToolsVersion = 13.4;
					};
				};
			};
			buildConfigurationList = CED2AE6D2859F1BA00DCF244 /* Build configuration list for PBXProject "PlayAnimalsSound" */;
			compatibilityVersion = "Xcode 13.0";
			developmentRegion = en;
			hasScannedForEncodings = 0;
			knownRegions = (
				en,
				Base,
			);
			mainGroup = CED2AE692859F1BA00DCF244;
			productRefGroup = CED2AE732859F1BA00DCF244 /* Products */;
			projectDirPath = "";
			projectRoot = "";
			targets = (
				CED2AE712859F1BA00DCF244 /* PlayAnimalsSound */,
			);
		};
/* End PBXProject section */

/* Begin PBXResourcesBuildPhase section */
		CED2AE702859F1BA00DCF244 /* Resources */ = {
			isa = PBXResourcesBuildPhase;
			buildActionMask = 2147483647;
			files = (
				CED2AE8B285A087500DCF244 /* cowSound.mp3 in Resources */,
				CED2AE822859F1BE00DCF244 /* LaunchScreen.storyboard in Resources */,
				CED2AE7F2859F1BE00DCF244 /* Assets.xcassets in Resources */,
				CED2AE91285A0B2000DCF244 /* dogSound.mp3 in Resources */,
				CED2AE8F285A0AE600DCF244 /* monkeySound.mp3 in Resources */,
				CED2AE7D2859F1BA00DCF244 /* Main.storyboard in Resources */,
				CED2AE8D285A0A6400DCF244 /* pigSound.mp3 in Resources */,
			);
			runOnlyForDeploymentPostprocessing = 0;
		};
/* End PBXResourcesBuildPhase section */

/* Begin PBXSourcesBuildPhase section */
		CED2AE6E2859F1BA00DCF244 /* Sources */ = {
			isa = PBXSourcesBuildPhase;
			buildActionMask = 2147483647;
			files = (
				CED2AE7A2859F1BA00DCF244 /* ViewController.swift in Sources */,
				CED2AE762859F1BA00DCF244 /* AppDelegate.swift in Sources */,
				CED2AE782859F1BA00DCF244 /* SceneDelegate.swift in Sources */,
			);
			runOnlyForDeploymentPostprocessing = 0;
		};
/* End PBXSourcesBuildPhase section */

/* Begin PBXVariantGroup section */
		CED2AE7B2859F1BA00DCF244 /* Main.storyboard */ = {
			isa = PBXVariantGroup;
			children = (
				CED2AE7C2859F1BA00DCF244 /* Base */,
			);
			name = Main.storyboard;
			sourceTree = "<group>";
		};
		CED2AE802859F1BE00DCF244 /* LaunchScreen.storyboard */ = {
			isa = PBXVariantGroup;
			children = (
				CED2AE812859F1BE00DCF244 /* Base */,
			);
			name = LaunchScreen.storyboard;
			sourceTree = "<group>";
		};
/* End PBXVariantGroup section */

/* Begin XCBuildConfiguration section */
		CED2AE842859F1BE00DCF244 /* Debug */ = {
			isa = XCBuildConfiguration;
			buildSettings = {
				ALWAYS_SEARCH_USER_PATHS = NO;
				CLANG_ANALYZER_NONNULL = YES;
				CLANG_ANALYZER_NUMBER_OBJECT_CONVERSION = YES_AGGRESSIVE;
				CLANG_CXX_LANGUAGE_STANDARD = "gnu++17";
				CLANG_ENABLE_MODULES = YES;
				CLANG_ENABLE_OBJC_ARC = YES;
				CLANG_ENABLE_OBJC_WEAK = YES;
				CLANG_WARN_BLOCK_CAPTURE_AUTORELEASING = YES;
				CLANG_WARN_BOOL_CONVERSION = YES;
				CLANG_WARN_COMMA = YES;
				CLANG_WARN_CONSTANT_CONVERSION = YES;
				CLANG_WARN_DEPRECATED_OBJC_IMPLEMENTATIONS = YES;
				CLANG_WARN_DIRECT_OBJC_ISA_USAGE = YES_ERROR;
				CLANG_WARN_DOCUMENTATION_COMMENTS = YES;
				CLANG_WARN_EMPTY_BODY = YES;
				CLANG_WARN_ENUM_CONVERSION = YES;
				CLANG_WARN_INFINITE_RECURSION = YES;
				CLANG_WARN_INT_CONVERSION = YES;
				CLANG_WARN_NON_LITERAL_NULL_CONVERSION = YES;
				CLANG_WARN_OBJC_IMPLICIT_RETAIN_SELF = YES;
				CLANG_WARN_OBJC_LITERAL_CONVERSION = YES;
				CLANG_WARN_OBJC_ROOT_CLASS = YES_ERROR;
				CLANG_WARN_QUOTED_INCLUDE_IN_FRAMEWORK_HEADER = YES;
				CLANG_WARN_RANGE_LOOP_ANALYSIS = YES;
				CLANG_WARN_STRICT_PROTOTYPES = YES;
				CLANG_WARN_SUSPICIOUS_MOVE = YES;
				CLANG_WARN_UNGUARDED_AVAILABILITY = YES_AGGRESSIVE;
				CLANG_WARN_UNREACHABLE_CODE = YES;
				CLANG_WARN__DUPLICATE_METHOD_MATCH = YES;
				COPY_PHASE_STRIP = NO;
				DEBUG_INFORMATION_FORMAT = dwarf;
				ENABLE_STRICT_OBJC_MSGSEND = YES;
				ENABLE_TESTABILITY = YES;
				GCC_C_LANGUAGE_STANDARD = gnu11;
				GCC_DYNAMIC_NO_PIC = NO;
				GCC_NO_COMMON_BLOCKS = YES;
				GCC_OPTIMIZATION_LEVEL = 0;
				GCC_PREPROCESSOR_DEFINITIONS = (
					"DEBUG=1",
					"$(inherited)",
				);
				GCC_WARN_64_TO_32_BIT_CONVERSION = YES;
				GCC_WARN_ABOUT_RETURN_TYPE = YES_ERROR;
				GCC_WARN_UNDECLARED_SELECTOR = YES;
				GCC_WARN_UNINITIALIZED_AUTOS = YES_AGGRESSIVE;
				GCC_WARN_UNUSED_FUNCTION = YES;
				GCC_WARN_UNUSED_VARIABLE = YES;
				IPHONEOS_DEPLOYMENT_TARGET = 15.5;
				MTL_ENABLE_DEBUG_INFO = INCLUDE_SOURCE;
				MTL_FAST_MATH = YES;
				ONLY_ACTIVE_ARCH = YES;
				SDKROOT = iphoneos;
				SWIFT_ACTIVE_COMPILATION_CONDITIONS = DEBUG;
				SWIFT_OPTIMIZATION_LEVEL = "-Onone";
			};
			name = Debug;
		};
		CED2AE852859F1BE00DCF244 /* Release */ = {
			isa = XCBuildConfiguration;
			buildSettings = {
				ALWAYS_SEARCH_USER_PATHS = NO;
				CLANG_ANALYZER_NONNULL = YES;
				CLANG_ANALYZER_NUMBER_OBJECT_CONVERSION = YES_AGGRESSIVE;
				CLANG_CXX_LANGUAGE_STANDARD = "gnu++17";
				CLANG_ENABLE_MODULES = YES;
				CLANG_ENABLE_OBJC_ARC = YES;
				CLANG_ENABLE_OBJC_WEAK = YES;
				CLANG_WARN_BLOCK_CAPTURE_AUTORELEASING = YES;
				CLANG_WARN_BOOL_CONVERSION = YES;
				CLANG_WARN_COMMA = YES;
				CLANG_WARN_CONSTANT_CONVERSION = YES;
				CLANG_WARN_DEPRECATED_OBJC_IMPLEMENTATIONS = YES;
				CLANG_WARN_DIRECT_OBJC_ISA_USAGE = YES_ERROR;
				CLANG_WARN_DOCUMENTATION_COMMENTS = YES;
				CLANG_WARN_EMPTY_BODY = YES;
				CLANG_WARN_ENUM_CONVERSION = YES;
				CLANG_WARN_INFINITE_RECURSION = YES;
				CLANG_WARN_INT_CONVERSION = YES;
				CLANG_WARN_NON_LITERAL_NULL_CONVERSION = YES;
				CLANG_WARN_OBJC_IMPLICIT_RETAIN_SELF = YES;
				CLANG_WARN_OBJC_LITERAL_CONVERSION = YES;
				CLANG_WARN_OBJC_ROOT_CLASS = YES_ERROR;
				CLANG_WARN_QUOTED_INCLUDE_IN_FRAMEWORK_HEADER = YES;
				CLANG_WARN_RANGE_LOOP_ANALYSIS = YES;
				CLANG_WARN_STRICT_PROTOTYPES = YES;
				CLANG_WARN_SUSPICIOUS_MOVE = YES;
				CLANG_WARN_UNGUARDED_AVAILABILITY = YES_AGGRESSIVE;
				CLANG_WARN_UNREACHABLE_CODE = YES;
				CLANG_WARN__DUPLICATE_METHOD_MATCH = YES;
				COPY_PHASE_STRIP = NO;
				DEBUG_INFORMATION_FORMAT = "dwarf-with-dsym";
				ENABLE_NS_ASSERTIONS = NO;
				ENABLE_STRICT_OBJC_MSGSEND = YES;
				GCC_C_LANGUAGE_STANDARD = gnu11;
				GCC_NO_COMMON_BLOCKS = YES;
				GCC_WARN_64_TO_32_BIT_CONVERSION = YES;
				GCC_WARN_ABOUT_RETURN_TYPE = YES_ERROR;
				GCC_WARN_UNDECLARED_SELECTOR = YES;
				GCC_WARN_UNINITIALIZED_AUTOS = YES_AGGRESSIVE;
				GCC_WARN_UNUSED_FUNCTION = YES;
				GCC_WARN_UNUSED_VARIABLE = YES;
				IPHONEOS_DEPLOYMENT_TARGET = 15.5;
				MTL_ENABLE_DEBUG_INFO = NO;
				MTL_FAST_MATH = YES;
				SDKROOT = iphoneos;
				SWIFT_COMPILATION_MODE = wholemodule;
				SWIFT_OPTIMIZATION_LEVEL = "-O";
				VALIDATE_PRODUCT = YES;
			};
			name = Release;
		};
		CED2AE872859F1BE00DCF244 /* Debug */ = {
			isa = XCBuildConfiguration;
			buildSettings = {
				ASSETCATALOG_COMPILER_APPICON_NAME = AppIcon;
				ASSETCATALOG_COMPILER_GLOBAL_ACCENT_COLOR_NAME = AccentColor;
				CODE_SIGN_STYLE = Automatic;
				CURRENT_PROJECT_VERSION = 1;
				GENERATE_INFOPLIST_FILE = YES;
				INFOPLIST_FILE = PlayAnimalsSound/Info.plist;
				INFOPLIST_KEY_UIApplicationSupportsIndirectInputEvents = YES;
				INFOPLIST_KEY_UILaunchStoryboardName = LaunchScreen;
				INFOPLIST_KEY_UIMainStoryboardFile = Main;
				INFOPLIST_KEY_UISupportedInterfaceOrientations = UIInterfaceOrientationLandscapeRight;
				INFOPLIST_KEY_UISupportedInterfaceOrientations_iPad = "UIInterfaceOrientationPortrait UIInterfaceOrientationPortraitUpsideDown UIInterfaceOrientationLandscapeLeft UIInterfaceOrientationLandscapeRight";
				INFOPLIST_KEY_UISupportedInterfaceOrientations_iPhone = "UIInterfaceOrientationPortrait UIInterfaceOrientationLandscapeLeft UIInterfaceOrientationLandscapeRight";
				LD_RUNPATH_SEARCH_PATHS = (
					"$(inherited)",
					"@executable_path/Frameworks",
				);
				MARKETING_VERSION = 1.0;
				PRODUCT_BUNDLE_IDENTIFIER = com.x.PlayAnimalsSound;
				PRODUCT_NAME = "$(TARGET_NAME)";
				SWIFT_EMIT_LOC_STRINGS = YES;
				SWIFT_VERSION = 5.0;
				TARGETED_DEVICE_FAMILY = "1,2";
			};
			name = Debug;
		};
		CED2AE882859F1BE00DCF244 /* Release */ = {
			isa = XCBuildConfiguration;
			buildSettings = {
				ASSETCATALOG_COMPILER_APPICON_NAME = AppIcon;
				ASSETCATALOG_COMPILER_GLOBAL_ACCENT_COLOR_NAME = AccentColor;
				CODE_SIGN_STYLE = Automatic;
				CURRENT_PROJECT_VERSION = 1;
				GENERATE_INFOPLIST_FILE = YES;
				INFOPLIST_FILE = PlayAnimalsSound/Info.plist;
				INFOPLIST_KEY_UIApplicationSupportsIndirectInputEvents = YES;
				INFOPLIST_KEY_UILaunchStoryboardName = LaunchScreen;
				INFOPLIST_KEY_UIMainStoryboardFile = Main;
				INFOPLIST_KEY_UISupportedInterfaceOrientations = UIInterfaceOrientationLandscapeRight;
				INFOPLIST_KEY_UISupportedInterfaceOrientations_iPad = "UIInterfaceOrientationPortrait UIInterfaceOrientationPortraitUpsideDown UIInterfaceOrientationLandscapeLeft UIInterfaceOrientationLandscapeRight";
				INFOPLIST_KEY_UISupportedInterfaceOrientations_iPhone = "UIInterfaceOrientationPortrait UIInterfaceOrientationLandscapeLeft UIInterfaceOrientationLandscapeRight";
				LD_RUNPATH_SEARCH_PATHS = (
					"$(inherited)",
					"@executable_path/Frameworks",
				);
				MARKETING_VERSION = 1.0;
				PRODUCT_BUNDLE_IDENTIFIER = com.x.PlayAnimalsSound;
				PRODUCT_NAME = "$(TARGET_NAME)";
				SWIFT_EMIT_LOC_STRINGS = YES;
				SWIFT_VERSION = 5.0;
				TARGETED_DEVICE_FAMILY = "1,2";
			};
			name = Release;
		};
/* End XCBuildConfiguration section */

/* Begin XCConfigurationList section */
		CED2AE6D2859F1BA00DCF244 /* Build configuration list for PBXProject "PlayAnimalsSound" */ = {
			isa = XCConfigurationList;
			buildConfigurations = (
				CED2AE842859F1BE00DCF244 /* Debug */,
				CED2AE852859F1BE00DCF244 /* Release */,
			);
			defaultConfigurationIsVisible = 0;
			defaultConfigurationName = Release;
		};
		CED2AE862859F1BE00DCF244 /* Build configuration list for PBXNativeTarget "PlayAnimalsSound" */ = {
			isa = XCConfigurationList;
			buildConfigurations = (
				CED2AE872859F1BE00DCF244 /* Debug */,
				CED2AE882859F1BE00DCF244 /* Release */,
			);
			defaultConfigurationIsVisible = 0;
			defaultConfigurationName = Release;
		};
/* End XCConfigurationList section */
	};
	rootObject = CED2AE6A2859F1BA00DCF244 /* Project object */;
}
